// !$*UTF8*$!
{
	archiveVersion = 1;
	classes = {
	};
	objectVersion = 50;
	objects = {

/* Begin PBXBuildFile section */
		BB182DD720AF6D2000B60C94 /* UIClassAux.cpp in Sources */ = {isa = PBXBuildFile; fileRef = BB182DD520AF6D2000B60C94 /* UIClassAux.cpp */; };
		BB22A4242084F45E0039685A /* Camera.cpp in Sources */ = {isa = PBXBuildFile; fileRef = BB22A4222084F45E0039685A /* Camera.cpp */; };
		BB5854952092B99000F4F6E3 /* Primitivas.cpp in Sources */ = {isa = PBXBuildFile; fileRef = BB5854932092B99000F4F6E3 /* Primitivas.cpp */; };
		BBCF58B520AB5208004D9DB7 /* OpenGL.framework in Frameworks */ = {isa = PBXBuildFile; fileRef = BBF23DB9207FD7720089515D /* OpenGL.framework */; };
		BBCF58B620AB520E004D9DB7 /* GLUT.framework in Frameworks */ = {isa = PBXBuildFile; fileRef = BBF23DB7207FD76B0089515D /* GLUT.framework */; };
		BBCF58BA20ABB2AC004D9DB7 /* AcomodadorObjetos.cpp in Sources */ = {isa = PBXBuildFile; fileRef = BBCF58B820ABB2AC004D9DB7 /* AcomodadorObjetos.cpp */; };
		BBE79433208A79DF00A1CE54 /* CargadorImage.cpp in Sources */ = {isa = PBXBuildFile; fileRef = BBE79431208A79DF00A1CE54 /* CargadorImage.cpp */; };
		BBF23DB0207FD75E0089515D /* main.cpp in Sources */ = {isa = PBXBuildFile; fileRef = BBF23DAF207FD75E0089515D /* main.cpp */; };
		BBF72029209B6C020084703A /* KeyFrame.cpp in Sources */ = {isa = PBXBuildFile; fileRef = BBF72028209B6C020084703A /* KeyFrame.cpp */; };
		BBFE635D20A28B09009EC27B /* Construccion.cpp in Sources */ = {isa = PBXBuildFile; fileRef = BBFE635B20A28B09009EC27B /* Construccion.cpp */; };
		BBFE636120A28B2F009EC27B /* CreadorObjetos.cpp in Sources */ = {isa = PBXBuildFile; fileRef = BBFE635F20A28B2F009EC27B /* CreadorObjetos.cpp */; };
/* End PBXBuildFile section */

/* Begin PBXCopyFilesBuildPhase section */
		BBF23DAA207FD75E0089515D /* CopyFiles */ = {
			isa = PBXCopyFilesBuildPhase;
			buildActionMask = 2147483647;
			dstPath = /usr/share/man/man1/;
			dstSubfolderSpec = 0;
			files = (
			);
			runOnlyForDeploymentPostprocessing = 1;
		};
/* End PBXCopyFilesBuildPhase section */

/* Begin PBXFileReference section */
		BB0F17B4208E88BF006EF747 /* pasto01.tga */ = {isa = PBXFileReference; lastKnownFileType = file; path = pasto01.tga; sourceTree = "<group>"; };
		BB0F17B5208EC8B2006EF747 /* casa01.tga */ = {isa = PBXFileReference; lastKnownFileType = file; path = casa01.tga; sourceTree = "<group>"; };
		BB0F17B6208ECA25006EF747 /* cielo01.tga */ = {isa = PBXFileReference; lastKnownFileType = file; path = cielo01.tga; sourceTree = "<group>"; };
		BB182DD520AF6D2000B60C94 /* UIClassAux.cpp */ = {isa = PBXFileReference; lastKnownFileType = sourcecode.cpp.cpp; path = UIClassAux.cpp; sourceTree = "<group>"; };
		BB182DD620AF6D2000B60C94 /* UIClassAux.hpp */ = {isa = PBXFileReference; lastKnownFileType = sourcecode.cpp.h; path = UIClassAux.hpp; sourceTree = "<group>"; };
		BB22A4222084F45E0039685A /* Camera.cpp */ = {isa = PBXFileReference; lastKnownFileType = sourcecode.cpp.cpp; path = Camera.cpp; sourceTree = "<group>"; };
		BB22A4232084F45E0039685A /* Camera.hpp */ = {isa = PBXFileReference; lastKnownFileType = sourcecode.cpp.h; path = Camera.hpp; sourceTree = "<group>"; };
		BB5854932092B99000F4F6E3 /* Primitivas.cpp */ = {isa = PBXFileReference; lastKnownFileType = sourcecode.cpp.cpp; path = Primitivas.cpp; sourceTree = "<group>"; };
		BB5854942092B99000F4F6E3 /* Primitivas.hpp */ = {isa = PBXFileReference; lastKnownFileType = sourcecode.cpp.h; path = Primitivas.hpp; sourceTree = "<group>"; };
		BBCF58B820ABB2AC004D9DB7 /* AcomodadorObjetos.cpp */ = {isa = PBXFileReference; lastKnownFileType = sourcecode.cpp.cpp; path = AcomodadorObjetos.cpp; sourceTree = "<group>"; };
		BBCF58B920ABB2AC004D9DB7 /* AcomodadorObjetos.hpp */ = {isa = PBXFileReference; lastKnownFileType = sourcecode.cpp.h; path = AcomodadorObjetos.hpp; sourceTree = "<group>"; };
		BBE79431208A79DF00A1CE54 /* CargadorImage.cpp */ = {isa = PBXFileReference; lastKnownFileType = sourcecode.cpp.cpp; path = CargadorImage.cpp; sourceTree = "<group>"; };
		BBE79432208A79DF00A1CE54 /* CargadorImage.hpp */ = {isa = PBXFileReference; lastKnownFileType = sourcecode.cpp.h; path = CargadorImage.hpp; sourceTree = "<group>"; };
		BBE79434208A7BA400A1CE54 /* main.hpp */ = {isa = PBXFileReference; lastKnownFileType = sourcecode.cpp.h; path = main.hpp; sourceTree = "<group>"; };
		BBE79435208A82A900A1CE54 /* Libraries.hpp */ = {isa = PBXFileReference; lastKnownFileType = sourcecode.cpp.h; name = Libraries.hpp; path = CG2ProyectoFinalValencia/Libraries.hpp; sourceTree = SOURCE_ROOT; };
		BBF23DAC207FD75E0089515D /* CG2ProyectoFinalValencia */ = {isa = PBXFileReference; explicitFileType = "compiled.mach-o.executable"; includeInIndex = 0; path = CG2ProyectoFinalValencia; sourceTree = BUILT_PRODUCTS_DIR; };
		BBF23DAF207FD75E0089515D /* main.cpp */ = {isa = PBXFileReference; lastKnownFileType = sourcecode.cpp.cpp; path = main.cpp; sourceTree = "<group>"; };
		BBF23DB7207FD76B0089515D /* GLUT.framework */ = {isa = PBXFileReference; lastKnownFileType = wrapper.framework; name = GLUT.framework; path = System/Library/Frameworks/GLUT.framework; sourceTree = SDKROOT; };
		BBF23DB9207FD7720089515D /* OpenGL.framework */ = {isa = PBXFileReference; lastKnownFileType = wrapper.framework; name = OpenGL.framework; path = System/Library/Frameworks/OpenGL.framework; sourceTree = SDKROOT; };
		BBF72027209B6C020084703A /* KeyFrame.hpp */ = {isa = PBXFileReference; fileEncoding = 4; lastKnownFileType = sourcecode.cpp.h; path = KeyFrame.hpp; sourceTree = "<group>"; };
		BBF72028209B6C020084703A /* KeyFrame.cpp */ = {isa = PBXFileReference; fileEncoding = 4; lastKnownFileType = sourcecode.cpp.cpp; path = KeyFrame.cpp; sourceTree = "<group>"; };
		BBFE635B20A28B09009EC27B /* Construccion.cpp */ = {isa = PBXFileReference; lastKnownFileType = sourcecode.cpp.cpp; path = Construccion.cpp; sourceTree = "<group>"; };
		BBFE635C20A28B09009EC27B /* Construccion.hpp */ = {isa = PBXFileReference; lastKnownFileType = sourcecode.cpp.h; path = Construccion.hpp; sourceTree = "<group>"; };
		BBFE635F20A28B2F009EC27B /* CreadorObjetos.cpp */ = {isa = PBXFileReference; lastKnownFileType = sourcecode.cpp.cpp; path = CreadorObjetos.cpp; sourceTree = "<group>"; };
		BBFE636020A28B2F009EC27B /* CreadorObjetos.hpp */ = {isa = PBXFileReference; lastKnownFileType = sourcecode.cpp.h; path = CreadorObjetos.hpp; sourceTree = "<group>"; };
/* End PBXFileReference section */

/* Begin PBXFrameworksBuildPhase section */
		BBF23DA9207FD75E0089515D /* Frameworks */ = {
			isa = PBXFrameworksBuildPhase;
			buildActionMask = 2147483647;
			files = (
				BBCF58B620AB520E004D9DB7 /* GLUT.framework in Frameworks */,
				BBCF58B520AB5208004D9DB7 /* OpenGL.framework in Frameworks */,
			);
			runOnlyForDeploymentPostprocessing = 0;
		};
/* End PBXFrameworksBuildPhase section */

/* Begin PBXGroup section */
		BB0F17B3208E8832006EF747 /* Textureimg */ = {
			isa = PBXGroup;
			children = (
				BB0F17B4208E88BF006EF747 /* pasto01.tga */,
				BB0F17B6208ECA25006EF747 /* cielo01.tga */,
				BB0F17B5208EC8B2006EF747 /* casa01.tga */,
			);
			path = Textureimg;
			sourceTree = "<group>";
		};
		BB182DD420AF6CED00B60C94 /* UIClassAux */ = {
			isa = PBXGroup;
			children = (
				BB182DD520AF6D2000B60C94 /* UIClassAux.cpp */,
				BB182DD620AF6D2000B60C94 /* UIClassAux.hpp */,
			);
			path = UIClassAux;
			sourceTree = "<group>";
		};
		BB3E7B6D20AAA28F00532B6E /* Documents */ = {
			isa = PBXGroup;
			children = (
			);
			path = Documents;
			sourceTree = "<group>";
		};
		BB5854922092B97C00F4F6E3 /* Primitivas */ = {
			isa = PBXGroup;
			children = (
				BB5854932092B99000F4F6E3 /* Primitivas.cpp */,
				BB5854942092B99000F4F6E3 /* Primitivas.hpp */,
			);
			path = Primitivas;
			sourceTree = "<group>";
		};
		BBCF58B720ABB27B004D9DB7 /* AcomodadorObjetos */ = {
			isa = PBXGroup;
			children = (
				BBCF58B820ABB2AC004D9DB7 /* AcomodadorObjetos.cpp */,
				BBCF58B920ABB2AC004D9DB7 /* AcomodadorObjetos.hpp */,
			);
			path = AcomodadorObjetos;
			sourceTree = "<group>";
		};
		BBE7942E208A797700A1CE54 /* Camara */ = {
			isa = PBXGroup;
			children = (
				BB22A4222084F45E0039685A /* Camera.cpp */,
				BB22A4232084F45E0039685A /* Camera.hpp */,
			);
			path = Camara;
			sourceTree = "<group>";
		};
		BBE7942F208A79A600A1CE54 /* CargadorImage */ = {
			isa = PBXGroup;
			children = (
				BBE79431208A79DF00A1CE54 /* CargadorImage.cpp */,
				BBE79432208A79DF00A1CE54 /* CargadorImage.hpp */,
			);
			path = CargadorImage;
			sourceTree = "<group>";
		};
		BBE79430208A79BA00A1CE54 /* Source */ = {
			isa = PBXGroup;
			children = (
				BB182DD420AF6CED00B60C94 /* UIClassAux */,
				BBCF58B720ABB27B004D9DB7 /* AcomodadorObjetos */,
				BBFE635E20A28B14009EC27B /* CreadorObjetos */,
				BBFE635A20A28AA4009EC27B /* Construccion */,
				BBF72026209B6BDF0084703A /* KeyFrame */,
				BB5854922092B97C00F4F6E3 /* Primitivas */,
				BBE7942F208A79A600A1CE54 /* CargadorImage */,
				BBE7942E208A797700A1CE54 /* Camara */,
			);
			path = Source;
			sourceTree = "<group>";
		};
		BBF23DA3207FD75E0089515D = {
			isa = PBXGroup;
			children = (
				BBF23DAE207FD75E0089515D /* CG2ProyectoFinalValencia */,
				BBF23DAD207FD75E0089515D /* Products */,
				BBF23DB6207FD76A0089515D /* Frameworks */,
			);
			sourceTree = "<group>";
		};
		BBF23DAD207FD75E0089515D /* Products */ = {
			isa = PBXGroup;
			children = (
				BBF23DAC207FD75E0089515D /* CG2ProyectoFinalValencia */,
			);
			name = Products;
			sourceTree = "<group>";
		};
		BBF23DAE207FD75E0089515D /* CG2ProyectoFinalValencia */ = {
			isa = PBXGroup;
			children = (
				BBF23DAF207FD75E0089515D /* main.cpp */,
				BBE79434208A7BA400A1CE54 /* main.hpp */,
				BBE79435208A82A900A1CE54 /* Libraries.hpp */,
				BB0F17B3208E8832006EF747 /* Textureimg */,
				BB3E7B6D20AAA28F00532B6E /* Documents */,
				BBE79430208A79BA00A1CE54 /* Source */,
			);
			path = CG2ProyectoFinalValencia;
			sourceTree = "<group>";
		};
		BBF23DB6207FD76A0089515D /* Frameworks */ = {
			isa = PBXGroup;
			children = (
				BBF23DB9207FD7720089515D /* OpenGL.framework */,
				BBF23DB7207FD76B0089515D /* GLUT.framework */,
			);
			name = Frameworks;
			sourceTree = "<group>";
		};
		BBF72026209B6BDF0084703A /* KeyFrame */ = {
			isa = PBXGroup;
			children = (
				BBF72028209B6C020084703A /* KeyFrame.cpp */,
				BBF72027209B6C020084703A /* KeyFrame.hpp */,
			);
			path = KeyFrame;
			sourceTree = "<group>";
		};
		BBFE635A20A28AA4009EC27B /* Construccion */ = {
			isa = PBXGroup;
			children = (
				BBFE635B20A28B09009EC27B /* Construccion.cpp */,
				BBFE635C20A28B09009EC27B /* Construccion.hpp */,
			);
			path = Construccion;
			sourceTree = "<group>";
		};
		BBFE635E20A28B14009EC27B /* CreadorObjetos */ = {
			isa = PBXGroup;
			children = (
				BBFE635F20A28B2F009EC27B /* CreadorObjetos.cpp */,
				BBFE636020A28B2F009EC27B /* CreadorObjetos.hpp */,
			);
			path = CreadorObjetos;
			sourceTree = "<group>";
		};
/* End PBXGroup section */

/* Begin PBXNativeTarget section */
		BBF23DAB207FD75E0089515D /* CG2ProyectoFinalValencia */ = {
			isa = PBXNativeTarget;
			buildConfigurationList = BBF23DB3207FD75E0089515D /* Build configuration list for PBXNativeTarget "CG2ProyectoFinalValencia" */;
			buildPhases = (
				BBF23DA8207FD75E0089515D /* Sources */,
				BBF23DA9207FD75E0089515D /* Frameworks */,
				BBF23DAA207FD75E0089515D /* CopyFiles */,
			);
			buildRules = (
			);
			dependencies = (
			);
			name = CG2ProyectoFinalValencia;
			productName = CG2ProyectoFinalValencia;
			productReference = BBF23DAC207FD75E0089515D /* CG2ProyectoFinalValencia */;
			productType = "com.apple.product-type.tool";
		};
/* End PBXNativeTarget section */

/* Begin PBXProject section */
		BBF23DA4207FD75E0089515D /* Project object */ = {
			isa = PBXProject;
			attributes = {
				LastUpgradeCheck = 0930;
				ORGANIZATIONNAME = vApps;
				TargetAttributes = {
					BBF23DAB207FD75E0089515D = {
						CreatedOnToolsVersion = 9.3;
					};
				};
			};
			buildConfigurationList = BBF23DA7207FD75E0089515D /* Build configuration list for PBXProject "CG2ProyectoFinalValencia" */;
			compatibilityVersion = "Xcode 9.3";
			developmentRegion = en;
			hasScannedForEncodings = 0;
			knownRegions = (
				en,
			);
			mainGroup = BBF23DA3207FD75E0089515D;
			productRefGroup = BBF23DAD207FD75E0089515D /* Products */;
			projectDirPath = "";
			projectRoot = "";
			targets = (
				BBF23DAB207FD75E0089515D /* CG2ProyectoFinalValencia */,
			);
		};
/* End PBXProject section */

/* Begin PBXSourcesBuildPhase section */
		BBF23DA8207FD75E0089515D /* Sources */ = {
			isa = PBXSourcesBuildPhase;
			buildActionMask = 2147483647;
			files = (
				BB22A4242084F45E0039685A /* Camera.cpp in Sources */,
				BBFE635D20A28B09009EC27B /* Construccion.cpp in Sources */,
				BB182DD720AF6D2000B60C94 /* UIClassAux.cpp in Sources */,
				BBF23DB0207FD75E0089515D /* main.cpp in Sources */,
				BBF72029209B6C020084703A /* KeyFrame.cpp in Sources */,
				BBFE636120A28B2F009EC27B /* CreadorObjetos.cpp in Sources */,
				BBCF58BA20ABB2AC004D9DB7 /* AcomodadorObjetos.cpp in Sources */,
				BBE79433208A79DF00A1CE54 /* CargadorImage.cpp in Sources */,
				BB5854952092B99000F4F6E3 /* Primitivas.cpp in Sources */,
			);
			runOnlyForDeploymentPostprocessing = 0;
		};
/* End PBXSourcesBuildPhase section */

/* Begin XCBuildConfiguration section */
		BBF23DB1207FD75E0089515D /* Debug */ = {
			isa = XCBuildConfiguration;
			buildSettings = {
				ALWAYS_SEARCH_USER_PATHS = NO;
				CLANG_ANALYZER_NONNULL = YES;
				CLANG_ANALYZER_NUMBER_OBJECT_CONVERSION = YES_AGGRESSIVE;
				CLANG_CXX_LANGUAGE_STANDARD = "gnu++14";
				CLANG_CXX_LIBRARY = "libc++";
				CLANG_ENABLE_MODULES = YES;
				CLANG_ENABLE_OBJC_ARC = YES;
				CLANG_ENABLE_OBJC_WEAK = YES;
				CLANG_WARN_BLOCK_CAPTURE_AUTORELEASING = YES;
				CLANG_WARN_BOOL_CONVERSION = YES;
				CLANG_WARN_COMMA = YES;
				CLANG_WARN_CONSTANT_CONVERSION = YES;
				CLANG_WARN_DEPRECATED_OBJC_IMPLEMENTATIONS = YES;
				CLANG_WARN_DIRECT_OBJC_ISA_USAGE = YES_ERROR;
				CLANG_WARN_DOCUMENTATION_COMMENTS = YES;
				CLANG_WARN_EMPTY_BODY = YES;
				CLANG_WARN_ENUM_CONVERSION = YES;
				CLANG_WARN_INFINITE_RECURSION = YES;
				CLANG_WARN_INT_CONVERSION = YES;
				CLANG_WARN_NON_LITERAL_NULL_CONVERSION = YES;
				CLANG_WARN_OBJC_IMPLICIT_RETAIN_SELF = YES;
				CLANG_WARN_OBJC_LITERAL_CONVERSION = YES;
				CLANG_WARN_OBJC_ROOT_CLASS = YES_ERROR;
				CLANG_WARN_RANGE_LOOP_ANALYSIS = YES;
				CLANG_WARN_STRICT_PROTOTYPES = YES;
				CLANG_WARN_SUSPICIOUS_MOVE = YES;
				CLANG_WARN_UNGUARDED_AVAILABILITY = YES_AGGRESSIVE;
				CLANG_WARN_UNREACHABLE_CODE = YES;
				CLANG_WARN__DUPLICATE_METHOD_MATCH = YES;
				CODE_SIGN_IDENTITY = "Mac Developer";
				COPY_PHASE_STRIP = NO;
				DEBUG_INFORMATION_FORMAT = dwarf;
				ENABLE_STRICT_OBJC_MSGSEND = YES;
				ENABLE_TESTABILITY = YES;
				GCC_C_LANGUAGE_STANDARD = gnu11;
				GCC_DYNAMIC_NO_PIC = NO;
				GCC_NO_COMMON_BLOCKS = YES;
				GCC_OPTIMIZATION_LEVEL = 0;
				GCC_PREPROCESSOR_DEFINITIONS = (
					"DEBUG=1",
					"$(inherited)",
				);
				GCC_WARN_64_TO_32_BIT_CONVERSION = YES;
				GCC_WARN_ABOUT_RETURN_TYPE = YES_ERROR;
				GCC_WARN_UNDECLARED_SELECTOR = YES;
				GCC_WARN_UNINITIALIZED_AUTOS = YES_AGGRESSIVE;
				GCC_WARN_UNUSED_FUNCTION = YES;
				GCC_WARN_UNUSED_VARIABLE = YES;
				MACOSX_DEPLOYMENT_TARGET = 10.13;
				MTL_ENABLE_DEBUG_INFO = YES;
				ONLY_ACTIVE_ARCH = YES;
				SDKROOT = macosx;
			};
			name = Debug;
		};
		BBF23DB2207FD75E0089515D /* Release */ = {
			isa = XCBuildConfiguration;
			buildSettings = {
				ALWAYS_SEARCH_USER_PATHS = NO;
				CLANG_ANALYZER_NONNULL = YES;
				CLANG_ANALYZER_NUMBER_OBJECT_CONVERSION = YES_AGGRESSIVE;
				CLANG_CXX_LANGUAGE_STANDARD = "gnu++14";
				CLANG_CXX_LIBRARY = "libc++";
				CLANG_ENABLE_MODULES = YES;
				CLANG_ENABLE_OBJC_ARC = YES;
				CLANG_ENABLE_OBJC_WEAK = YES;
				CLANG_WARN_BLOCK_CAPTURE_AUTORELEASING = YES;
				CLANG_WARN_BOOL_CONVERSION = YES;
				CLANG_WARN_COMMA = YES;
				CLANG_WARN_CONSTANT_CONVERSION = YES;
				CLANG_WARN_DEPRECATED_OBJC_IMPLEMENTATIONS = YES;
				CLANG_WARN_DIRECT_OBJC_ISA_USAGE = YES_ERROR;
				CLANG_WARN_DOCUMENTATION_COMMENTS = YES;
				CLANG_WARN_EMPTY_BODY = YES;
				CLANG_WARN_ENUM_CONVERSION = YES;
				CLANG_WARN_INFINITE_RECURSION = YES;
				CLANG_WARN_INT_CONVERSION = YES;
				CLANG_WARN_NON_LITERAL_NULL_CONVERSION = YES;
				CLANG_WARN_OBJC_IMPLICIT_RETAIN_SELF = YES;
				CLANG_WARN_OBJC_LITERAL_CONVERSION = YES;
				CLANG_WARN_OBJC_ROOT_CLASS = YES_ERROR;
				CLANG_WARN_RANGE_LOOP_ANALYSIS = YES;
				CLANG_WARN_STRICT_PROTOTYPES = YES;
				CLANG_WARN_SUSPICIOUS_MOVE = YES;
				CLANG_WARN_UNGUARDED_AVAILABILITY = YES_AGGRESSIVE;
				CLANG_WARN_UNREACHABLE_CODE = YES;
				CLANG_WARN__DUPLICATE_METHOD_MATCH = YES;
				CODE_SIGN_IDENTITY = "Mac Developer";
				COPY_PHASE_STRIP = NO;
				DEBUG_INFORMATION_FORMAT = "dwarf-with-dsym";
				ENABLE_NS_ASSERTIONS = NO;
				ENABLE_STRICT_OBJC_MSGSEND = YES;
				GCC_C_LANGUAGE_STANDARD = gnu11;
				GCC_NO_COMMON_BLOCKS = YES;
				GCC_WARN_64_TO_32_BIT_CONVERSION = YES;
				GCC_WARN_ABOUT_RETURN_TYPE = YES_ERROR;
				GCC_WARN_UNDECLARED_SELECTOR = YES;
				GCC_WARN_UNINITIALIZED_AUTOS = YES_AGGRESSIVE;
				GCC_WARN_UNUSED_FUNCTION = YES;
				GCC_WARN_UNUSED_VARIABLE = YES;
				MACOSX_DEPLOYMENT_TARGET = 10.13;
				MTL_ENABLE_DEBUG_INFO = NO;
				SDKROOT = macosx;
			};
			name = Release;
		};
		BBF23DB4207FD75E0089515D /* Debug */ = {
			isa = XCBuildConfiguration;
			buildSettings = {
				CODE_SIGN_STYLE = Automatic;
				DEVELOPMENT_TEAM = 84JDBR2E75;
				MACOSX_DEPLOYMENT_TARGET = 10.13;
				PRODUCT_NAME = "$(TARGET_NAME)";
			};
			name = Debug;
		};
		BBF23DB5207FD75E0089515D /* Release */ = {
			isa = XCBuildConfiguration;
			buildSettings = {
				CODE_SIGN_STYLE = Automatic;
				DEVELOPMENT_TEAM = 84JDBR2E75;
				MACOSX_DEPLOYMENT_TARGET = 10.13;
				PRODUCT_NAME = "$(TARGET_NAME)";
			};
			name = Release;
		};
/* End XCBuildConfiguration section */

/* Begin XCConfigurationList section */
		BBF23DA7207FD75E0089515D /* Build configuration list for PBXProject "CG2ProyectoFinalValencia" */ = {
			isa = XCConfigurationList;
			buildConfigurations = (
				BBF23DB1207FD75E0089515D /* Debug */,
				BBF23DB2207FD75E0089515D /* Release */,
			);
			defaultConfigurationIsVisible = 0;
			defaultConfigurationName = Release;
		};
		BBF23DB3207FD75E0089515D /* Build configuration list for PBXNativeTarget "CG2ProyectoFinalValencia" */ = {
			isa = XCConfigurationList;
			buildConfigurations = (
				BBF23DB4207FD75E0089515D /* Debug */,
				BBF23DB5207FD75E0089515D /* Release */,
			);
			defaultConfigurationIsVisible = 0;
			defaultConfigurationName = Release;
		};
/* End XCConfigurationList section */
	};
	rootObject = BBF23DA4207FD75E0089515D /* Project object */;
}
